
Microsoft Visual Studio Solution File, Format Version 12.00
# Visual Studio Version 17
VisualStudioVersion = 17.0.31903.59
MinimumVisualStudioVersion = 10.0.40219.1
Project("{FAE04EC0-301F-11D3-BF4B-00C04F79EFBC}") = "GeminiApp.Data", "GeminiApp.Data\GeminiApp.Data.csproj", "{E12820F3-9112-4D8B-9AC4-DCF163DA2880}"
EndProject
Project("{FAE04EC0-301F-11D3-BF4B-00C04F79EFBC}") = "GeminiApp.Business", "GeminiApp.Business\GeminiApp.Business.csproj", "{090B09F9-CC1B-4A10-8A71-5CEE573585AC}"
EndProject
Project("{FAE04EC0-301F-11D3-BF4B-00C04F79EFBC}") = "GeminiApp.Presentation", "GeminiApp.Presentation\GeminiApp.Presentation.csproj", "{DDEFB2BC-B93A-4E9D-8D83-C92CE098DB72}"
EndProject
Global
	GlobalSection(SolutionConfigurationPlatforms) = preSolution
		Debug|Any CPU = Debug|Any CPU
		Release|Any CPU = Release|Any CPU
	EndGlobalSection
	GlobalSection(SolutionProperties) = preSolution
		HideSolutionNode = FALSE
	EndGlobalSection
	GlobalSection(ProjectConfigurationPlatforms) = postSolution
		{E12820F3-9112-4D8B-9AC4-DCF163DA2880}.Debug|Any CPU.ActiveCfg = Debug|Any CPU
		{E12820F3-9112-4D8B-9AC4-DCF163DA2880}.Debug|Any CPU.Build.0 = Debug|Any CPU
		{E12820F3-9112-4D8B-9AC4-DCF163DA2880}.Release|Any CPU.ActiveCfg = Release|Any CPU
		{E12820F3-9112-4D8B-9AC4-DCF163DA2880}.Release|Any CPU.Build.0 = Release|Any CPU
		{090B09F9-CC1B-4A10-8A71-5CEE573585AC}.Debug|Any CPU.ActiveCfg = Debug|Any CPU
		{090B09F9-CC1B-4A10-8A71-5CEE573585AC}.Debug|Any CPU.Build.0 = Debug|Any CPU
		{090B09F9-CC1B-4A10-8A71-5CEE573585AC}.Release|Any CPU.ActiveCfg = Release|Any CPU
		{090B09F9-CC1B-4A10-8A71-5CEE573585AC}.Release|Any CPU.Build.0 = Release|Any CPU
		{DDEFB2BC-B93A-4E9D-8D83-C92CE098DB72}.Debug|Any CPU.ActiveCfg = Debug|Any CPU
		{DDEFB2BC-B93A-4E9D-8D83-C92CE098DB72}.Debug|Any CPU.Build.0 = Debug|Any CPU
		{DDEFB2BC-B93A-4E9D-8D83-C92CE098DB72}.Release|Any CPU.ActiveCfg = Release|Any CPU
		{DDEFB2BC-B93A-4E9D-8D83-C92CE098DB72}.Release|Any CPU.Build.0 = Release|Any CPU
	EndGlobalSection
EndGlobal
